
Microsoft Visual Studio Solution File, Format Version 12.00
# Visual Studio Version 17
VisualStudioVersion = 17.8.34330.188
MinimumVisualStudioVersion = 10.0.40219.1
Project("{FAE04EC0-301F-11D3-BF4B-00C04F79EFBC}") = "APITask", "APITask\APITask.csproj", "{F6EDE9A2-27CD-4426-B671-853A0A7A6435}"
EndProject
Global
	GlobalSection(SolutionConfigurationPlatforms) = preSolution
		Debug|Any CPU = Debug|Any CPU
		Release|Any CPU = Release|Any CPU
	EndGlobalSection
	GlobalSection(ProjectConfigurationPlatforms) = postSolution
		{F6EDE9A2-27CD-4426-B671-853A0A7A6435}.Debug|Any CPU.ActiveCfg = Debug|Any CPU
		{F6EDE9A2-27CD-4426-B671-853A0A7A6435}.Debug|Any CPU.Build.0 = Debug|Any CPU
		{F6EDE9A2-27CD-4426-B671-853A0A7A6435}.Release|Any CPU.ActiveCfg = Release|Any CPU
		{F6EDE9A2-27CD-4426-B671-853A0A7A6435}.Release|Any CPU.Build.0 = Release|Any CPU
	EndGlobalSection
	GlobalSection(SolutionProperties) = preSolution
		HideSolutionNode = FALSE
	EndGlobalSection
	GlobalSection(ExtensibilityGlobals) = postSolution
		SolutionGuid = {B281250A-D129-4F5E-9573-65B3287700C5}
	EndGlobalSection
EndGlobal
