
Microsoft Visual Studio Solution File, Format Version 12.00
# Visual Studio Version 17
VisualStudioVersion = 17.8.34330.188
MinimumVisualStudioVersion = 10.0.40219.1
Project("{FAE04EC0-301F-11D3-BF4B-00C04F79EFBC}") = "ImageUpload", "ImageUpload\ImageUpload.csproj", "{70901833-BB21-4CD8-B2E3-97FB6AF10FE3}"
EndProject
Global
	GlobalSection(SolutionConfigurationPlatforms) = preSolution
		Debug|Any CPU = Debug|Any CPU
		Release|Any CPU = Release|Any CPU
	EndGlobalSection
	GlobalSection(ProjectConfigurationPlatforms) = postSolution
		{70901833-BB21-4CD8-B2E3-97FB6AF10FE3}.Debug|Any CPU.ActiveCfg = Debug|Any CPU
		{70901833-BB21-4CD8-B2E3-97FB6AF10FE3}.Debug|Any CPU.Build.0 = Debug|Any CPU
		{70901833-BB21-4CD8-B2E3-97FB6AF10FE3}.Release|Any CPU.ActiveCfg = Release|Any CPU
		{70901833-BB21-4CD8-B2E3-97FB6AF10FE3}.Release|Any CPU.Build.0 = Release|Any CPU
	EndGlobalSection
	GlobalSection(SolutionProperties) = preSolution
		HideSolutionNode = FALSE
	EndGlobalSection
	GlobalSection(ExtensibilityGlobals) = postSolution
		SolutionGuid = {974A3F3A-6D38-4E54-AFDC-B37699C06AAE}
	EndGlobalSection
EndGlobal
